
Microsoft Visual Studio Solution File, Format Version 12.00
# Visual Studio Version 17
VisualStudioVersion = 17.14.36221.1 d17.14
MinimumVisualStudioVersion = 10.0.40219.1
Project("{FAE04EC0-301F-11D3-BF4B-00C04F79EFBC}") = "Lab_WS9", "Lab_WS9\Lab_WS9.csproj", "{08A4D903-5D9D-49AC-9BE6-062EE0A4318F}"
EndProject
Global
	GlobalSection(SolutionConfigurationPlatforms) = preSolution
		Debug|Any CPU = Debug|Any CPU
		Release|Any CPU = Release|Any CPU
	EndGlobalSection
	GlobalSection(ProjectConfigurationPlatforms) = postSolution
		{08A4D903-5D9D-49AC-9BE6-062EE0A4318F}.Debug|Any CPU.ActiveCfg = Debug|Any CPU
		{08A4D903-5D9D-49AC-9BE6-062EE0A4318F}.Debug|Any CPU.Build.0 = Debug|Any CPU
		{08A4D903-5D9D-49AC-9BE6-062EE0A4318F}.Release|Any CPU.ActiveCfg = Release|Any CPU
		{08A4D903-5D9D-49AC-9BE6-062EE0A4318F}.Release|Any CPU.Build.0 = Release|Any CPU
	EndGlobalSection
	GlobalSection(SolutionProperties) = preSolution
		HideSolutionNode = FALSE
	EndGlobalSection
	GlobalSection(ExtensibilityGlobals) = postSolution
		SolutionGuid = {58A6C036-F399-4C7D-A200-02E1CA0A6C76}
	EndGlobalSection
EndGlobal
